
Microsoft Visual Studio Solution File, Format Version 12.00
# Visual Studio 15
VisualStudioVersion = 15.0.27703.2000
MinimumVisualStudioVersion = 10.0.40219.1
Project("{FAE04EC0-301F-11D3-BF4B-00C04F79EFBC}") = "MultiView", "MultiView\MultiView.csproj", "{151AFABB-E7E2-4325-B2FE-CF5B09466C4B}"
EndProject
Global
	GlobalSection(SolutionConfigurationPlatforms) = preSolution
		Debug|ARM = Debug|ARM
		Debug|x64 = Debug|x64
		Debug|x86 = Debug|x86
		Release|ARM = Release|ARM
		Release|x64 = Release|x64
		Release|x86 = Release|x86
	EndGlobalSection
	GlobalSection(ProjectConfigurationPlatforms) = postSolution
		{151AFABB-E7E2-4325-B2FE-CF5B09466C4B}.Debug|ARM.ActiveCfg = Debug|ARM
		{151AFABB-E7E2-4325-B2FE-CF5B09466C4B}.Debug|ARM.Build.0 = Debug|ARM
		{151AFABB-E7E2-4325-B2FE-CF5B09466C4B}.Debug|ARM.Deploy.0 = Debug|ARM
		{151AFABB-E7E2-4325-B2FE-CF5B09466C4B}.Debug|x64.ActiveCfg = Debug|x64
		{151AFABB-E7E2-4325-B2FE-CF5B09466C4B}.Debug|x64.Build.0 = Debug|x64
		{151AFABB-E7E2-4325-B2FE-CF5B09466C4B}.Debug|x64.Deploy.0 = Debug|x64
		{151AFABB-E7E2-4325-B2FE-CF5B09466C4B}.Debug|x86.ActiveCfg = Debug|x86
		{151AFABB-E7E2-4325-B2FE-CF5B09466C4B}.Debug|x86.Build.0 = Debug|x86
		{151AFABB-E7E2-4325-B2FE-CF5B09466C4B}.Debug|x86.Deploy.0 = Debug|x86
		{151AFABB-E7E2-4325-B2FE-CF5B09466C4B}.Release|ARM.ActiveCfg = Release|ARM
		{151AFABB-E7E2-4325-B2FE-CF5B09466C4B}.Release|ARM.Build.0 = Release|ARM
		{151AFABB-E7E2-4325-B2FE-CF5B09466C4B}.Release|ARM.Deploy.0 = Release|ARM
		{151AFABB-E7E2-4325-B2FE-CF5B09466C4B}.Release|x64.ActiveCfg = Release|x64
		{151AFABB-E7E2-4325-B2FE-CF5B09466C4B}.Release|x64.Build.0 = Release|x64
		{151AFABB-E7E2-4325-B2FE-CF5B09466C4B}.Release|x64.Deploy.0 = Release|x64
		{151AFABB-E7E2-4325-B2FE-CF5B09466C4B}.Release|x86.ActiveCfg = Release|x86
		{151AFABB-E7E2-4325-B2FE-CF5B09466C4B}.Release|x86.Build.0 = Release|x86
		{151AFABB-E7E2-4325-B2FE-CF5B09466C4B}.Release|x86.Deploy.0 = Release|x86
	EndGlobalSection
	GlobalSection(SolutionProperties) = preSolution
		HideSolutionNode = FALSE
	EndGlobalSection
	GlobalSection(ExtensibilityGlobals) = postSolution
		SolutionGuid = {0898E4F7-27D7-46D4-A1FC-62A08CE73AC5}
	EndGlobalSection
EndGlobal
