
Microsoft Visual Studio Solution File, Format Version 12.00
# Visual Studio 15
VisualStudioVersion = 15.0.28307.168
MinimumVisualStudioVersion = 10.0.40219.1
Project("{FAE04EC0-301F-11D3-BF4B-00C04F79EFBC}") = "ReadFss", "ReadFss\ReadFss.csproj", "{7D311ED8-46E3-4FA6-A48A-134EEBB78CB3}"
EndProject
Global
	GlobalSection(SolutionConfigurationPlatforms) = preSolution
		Debug|ARM = Debug|ARM
		Debug|ARM64 = Debug|ARM64
		Debug|x64 = Debug|x64
		Debug|x86 = Debug|x86
		Release|ARM = Release|ARM
		Release|ARM64 = Release|ARM64
		Release|x64 = Release|x64
		Release|x86 = Release|x86
	EndGlobalSection
	GlobalSection(ProjectConfigurationPlatforms) = postSolution
		{7D311ED8-46E3-4FA6-A48A-134EEBB78CB3}.Debug|ARM.ActiveCfg = Debug|ARM
		{7D311ED8-46E3-4FA6-A48A-134EEBB78CB3}.Debug|ARM.Build.0 = Debug|ARM
		{7D311ED8-46E3-4FA6-A48A-134EEBB78CB3}.Debug|ARM.Deploy.0 = Debug|ARM
		{7D311ED8-46E3-4FA6-A48A-134EEBB78CB3}.Debug|ARM64.ActiveCfg = Debug|ARM64
		{7D311ED8-46E3-4FA6-A48A-134EEBB78CB3}.Debug|ARM64.Build.0 = Debug|ARM64
		{7D311ED8-46E3-4FA6-A48A-134EEBB78CB3}.Debug|ARM64.Deploy.0 = Debug|ARM64
		{7D311ED8-46E3-4FA6-A48A-134EEBB78CB3}.Debug|x64.ActiveCfg = Debug|x64
		{7D311ED8-46E3-4FA6-A48A-134EEBB78CB3}.Debug|x64.Build.0 = Debug|x64
		{7D311ED8-46E3-4FA6-A48A-134EEBB78CB3}.Debug|x64.Deploy.0 = Debug|x64
		{7D311ED8-46E3-4FA6-A48A-134EEBB78CB3}.Debug|x86.ActiveCfg = Debug|x86
		{7D311ED8-46E3-4FA6-A48A-134EEBB78CB3}.Debug|x86.Build.0 = Debug|x86
		{7D311ED8-46E3-4FA6-A48A-134EEBB78CB3}.Debug|x86.Deploy.0 = Debug|x86
		{7D311ED8-46E3-4FA6-A48A-134EEBB78CB3}.Release|ARM.ActiveCfg = Release|ARM
		{7D311ED8-46E3-4FA6-A48A-134EEBB78CB3}.Release|ARM.Build.0 = Release|ARM
		{7D311ED8-46E3-4FA6-A48A-134EEBB78CB3}.Release|ARM.Deploy.0 = Release|ARM
		{7D311ED8-46E3-4FA6-A48A-134EEBB78CB3}.Release|ARM64.ActiveCfg = Release|ARM64
		{7D311ED8-46E3-4FA6-A48A-134EEBB78CB3}.Release|ARM64.Build.0 = Release|ARM64
		{7D311ED8-46E3-4FA6-A48A-134EEBB78CB3}.Release|ARM64.Deploy.0 = Release|ARM64
		{7D311ED8-46E3-4FA6-A48A-134EEBB78CB3}.Release|x64.ActiveCfg = Release|x64
		{7D311ED8-46E3-4FA6-A48A-134EEBB78CB3}.Release|x64.Build.0 = Release|x64
		{7D311ED8-46E3-4FA6-A48A-134EEBB78CB3}.Release|x64.Deploy.0 = Release|x64
		{7D311ED8-46E3-4FA6-A48A-134EEBB78CB3}.Release|x86.ActiveCfg = Release|x86
		{7D311ED8-46E3-4FA6-A48A-134EEBB78CB3}.Release|x86.Build.0 = Release|x86
		{7D311ED8-46E3-4FA6-A48A-134EEBB78CB3}.Release|x86.Deploy.0 = Release|x86
	EndGlobalSection
	GlobalSection(SolutionProperties) = preSolution
		HideSolutionNode = FALSE
	EndGlobalSection
	GlobalSection(ExtensibilityGlobals) = postSolution
		SolutionGuid = {7FD0601C-5131-4434-984A-D8AE9E4D3E53}
	EndGlobalSection
EndGlobal
