
Microsoft Visual Studio Solution File, Format Version 12.00
# Visual Studio 15
VisualStudioVersion = 15.0.27428.2015
MinimumVisualStudioVersion = 10.0.40219.1
Project("{FAE04EC0-301F-11D3-BF4B-00C04F79EFBC}") = "RebootPC", "RebootPC\RebootPC.csproj", "{CF8866FC-E5B6-45ED-A2A5-0190AA60504B}"
EndProject
Global
	GlobalSection(SolutionConfigurationPlatforms) = preSolution
		Debug|Any CPU = Debug|Any CPU
		Release|Any CPU = Release|Any CPU
	EndGlobalSection
	GlobalSection(ProjectConfigurationPlatforms) = postSolution
		{CF8866FC-E5B6-45ED-A2A5-0190AA60504B}.Debug|Any CPU.ActiveCfg = Debug|Any CPU
		{CF8866FC-E5B6-45ED-A2A5-0190AA60504B}.Debug|Any CPU.Build.0 = Debug|Any CPU
		{CF8866FC-E5B6-45ED-A2A5-0190AA60504B}.Release|Any CPU.ActiveCfg = Release|Any CPU
		{CF8866FC-E5B6-45ED-A2A5-0190AA60504B}.Release|Any CPU.Build.0 = Release|Any CPU
	EndGlobalSection
	GlobalSection(SolutionProperties) = preSolution
		HideSolutionNode = FALSE
	EndGlobalSection
	GlobalSection(ExtensibilityGlobals) = postSolution
		SolutionGuid = {6919315B-8B15-4AEA-A761-80C684F0291B}
	EndGlobalSection
EndGlobal
